
Microsoft Visual Studio Solution File, Format Version 12.00
# Visual Studio 15
VisualStudioVersion = 15.0.27130.2020
MinimumVisualStudioVersion = 10.0.40219.1
Project("{E24C65DC-7377-472B-9ABA-BC803B73C61A}") = "SpikeCoreZone", ".", "{7618D2DB-CE0B-4A34-963C-FFE5DBD4BC5D}"
	ProjectSection(WebsiteProperties) = preProject
		TargetFrameworkMoniker = ".NETFramework,Version%3Dv2.0"
		Debug.AspNetCompiler.VirtualPath = "/localhost_37975"
		Debug.AspNetCompiler.PhysicalPath = "E:\Sanjib\Projects\AAA_Site\GoSpikes4.1\GitHubSolution\SpikeZone\SpikeCoreZone\"
		Debug.AspNetCompiler.TargetPath = "PrecompiledWeb\localhost_37975\"
		Debug.AspNetCompiler.Updateable = "true"
		Debug.AspNetCompiler.ForceOverwrite = "true"
		Debug.AspNetCompiler.FixedNames = "false"
		Debug.AspNetCompiler.Debug = "True"
		Release.AspNetCompiler.VirtualPath = "/localhost_37975"
		Release.AspNetCompiler.PhysicalPath = "E:\Sanjib\Projects\AAA_Site\GoSpikes4.1\GitHubSolution\SpikeZone\SpikeCoreZone\"
		Release.AspNetCompiler.TargetPath = "PrecompiledWeb\localhost_37975\"
		Release.AspNetCompiler.Updateable = "true"
		Release.AspNetCompiler.ForceOverwrite = "true"
		Release.AspNetCompiler.FixedNames = "false"
		Release.AspNetCompiler.Debug = "False"
		VWDPort = "37975"
	EndProjectSection
EndProject
Global
	GlobalSection(SolutionConfigurationPlatforms) = preSolution
		Debug|Any CPU = Debug|Any CPU
	EndGlobalSection
	GlobalSection(ProjectConfigurationPlatforms) = postSolution
		{7618D2DB-CE0B-4A34-963C-FFE5DBD4BC5D}.Debug|Any CPU.ActiveCfg = Debug|Any CPU
		{7618D2DB-CE0B-4A34-963C-FFE5DBD4BC5D}.Debug|Any CPU.Build.0 = Debug|Any CPU
	EndGlobalSection
	GlobalSection(SolutionProperties) = preSolution
		HideSolutionNode = FALSE
	EndGlobalSection
	GlobalSection(ExtensibilityGlobals) = postSolution
		SolutionGuid = {BB62EBE4-F222-4BA1-9669-C85979A45177}
	EndGlobalSection
EndGlobal
